
Microsoft Visual Studio Solution File, Format Version 12.00
# Visual Studio Version 17
VisualStudioVersion = 17.9.34728.123
MinimumVisualStudioVersion = 10.0.40219.1
Project("{FAE04EC0-301F-11D3-BF4B-00C04F79EFBC}") = "SynchronousRequests", "SynchronousRequests\SynchronousRequests.csproj", "{CAF41B80-9535-4986-9833-C7DA77A51F48}"
EndProject
Project("{FAE04EC0-301F-11D3-BF4B-00C04F79EFBC}") = "AsynchronousRequests", "AsynchronousRequests\AsynchronousRequests.csproj", "{07D86961-84E2-4D44-9BB3-C171EDA2230D}"
EndProject
Global
	GlobalSection(SolutionConfigurationPlatforms) = preSolution
		Debug|Any CPU = Debug|Any CPU
		Release|Any CPU = Release|Any CPU
	EndGlobalSection
	GlobalSection(ProjectConfigurationPlatforms) = postSolution
		{CAF41B80-9535-4986-9833-C7DA77A51F48}.Debug|Any CPU.ActiveCfg = Debug|Any CPU
		{CAF41B80-9535-4986-9833-C7DA77A51F48}.Debug|Any CPU.Build.0 = Debug|Any CPU
		{CAF41B80-9535-4986-9833-C7DA77A51F48}.Release|Any CPU.ActiveCfg = Release|Any CPU
		{CAF41B80-9535-4986-9833-C7DA77A51F48}.Release|Any CPU.Build.0 = Release|Any CPU
		{07D86961-84E2-4D44-9BB3-C171EDA2230D}.Debug|Any CPU.ActiveCfg = Debug|Any CPU
		{07D86961-84E2-4D44-9BB3-C171EDA2230D}.Debug|Any CPU.Build.0 = Debug|Any CPU
		{07D86961-84E2-4D44-9BB3-C171EDA2230D}.Release|Any CPU.ActiveCfg = Release|Any CPU
		{07D86961-84E2-4D44-9BB3-C171EDA2230D}.Release|Any CPU.Build.0 = Release|Any CPU
	EndGlobalSection
	GlobalSection(SolutionProperties) = preSolution
		HideSolutionNode = FALSE
	EndGlobalSection
	GlobalSection(ExtensibilityGlobals) = postSolution
		SolutionGuid = {E74B4FDA-0FE5-40C8-9809-2616FF05BA58}
	EndGlobalSection
EndGlobal
